
Microsoft Visual Studio Solution File, Format Version 12.00
# Visual Studio 2013
VisualStudioVersion = 12.0.40629.0
MinimumVisualStudioVersion = 10.0.40219.1
Project("{FAE04EC0-301F-11D3-BF4B-00C04F79EFBC}") = "Finale.WebServer", "Finale.WebServer\Finale.WebServer.csproj", "{45638DCD-12AB-4246-8B61-B24E7E1EF60F}"
EndProject
Project("{FAE04EC0-301F-11D3-BF4B-00C04F79EFBC}") = "WebServerExample", "WebServerExample\WebServerExample.csproj", "{4503D1D8-9F94-439D-A28B-B1B6EC62015D}"
EndProject
Project("{FAE04EC0-301F-11D3-BF4B-00C04F79EFBC}") = "MvcExample", "MvcExample\MvcExample.csproj", "{65D1CF18-FEA8-41C4-A3D3-D67DEEA04C42}"
EndProject
Global
	GlobalSection(SolutionConfigurationPlatforms) = preSolution
		Debug|Any CPU = Debug|Any CPU
		Release|Any CPU = Release|Any CPU
	EndGlobalSection
	GlobalSection(ProjectConfigurationPlatforms) = postSolution
		{45638DCD-12AB-4246-8B61-B24E7E1EF60F}.Debug|Any CPU.ActiveCfg = Debug|Any CPU
		{45638DCD-12AB-4246-8B61-B24E7E1EF60F}.Debug|Any CPU.Build.0 = Debug|Any CPU
		{45638DCD-12AB-4246-8B61-B24E7E1EF60F}.Release|Any CPU.ActiveCfg = Release|Any CPU
		{45638DCD-12AB-4246-8B61-B24E7E1EF60F}.Release|Any CPU.Build.0 = Release|Any CPU
		{4503D1D8-9F94-439D-A28B-B1B6EC62015D}.Debug|Any CPU.ActiveCfg = Debug|Any CPU
		{4503D1D8-9F94-439D-A28B-B1B6EC62015D}.Debug|Any CPU.Build.0 = Debug|Any CPU
		{4503D1D8-9F94-439D-A28B-B1B6EC62015D}.Release|Any CPU.ActiveCfg = Release|Any CPU
		{4503D1D8-9F94-439D-A28B-B1B6EC62015D}.Release|Any CPU.Build.0 = Release|Any CPU
		{65D1CF18-FEA8-41C4-A3D3-D67DEEA04C42}.Debug|Any CPU.ActiveCfg = Debug|Any CPU
		{65D1CF18-FEA8-41C4-A3D3-D67DEEA04C42}.Debug|Any CPU.Build.0 = Debug|Any CPU
		{65D1CF18-FEA8-41C4-A3D3-D67DEEA04C42}.Release|Any CPU.ActiveCfg = Release|Any CPU
		{65D1CF18-FEA8-41C4-A3D3-D67DEEA04C42}.Release|Any CPU.Build.0 = Release|Any CPU
	EndGlobalSection
	GlobalSection(SolutionProperties) = preSolution
		HideSolutionNode = FALSE
	EndGlobalSection
EndGlobal
